# This file is generated by running "yarn install" inside your project.
# Manual changes might be lost - proceed with caution!

__metadata:
  version: 10
  cacheKey: 10c0

"@isaacs/balanced-match@npm:^4.0.1":
  version: 4.0.1
  resolution: "@isaacs/balanced-match@npm:4.0.1"
  checksum: 10c0/7da011805b259ec5c955f01cee903da72ad97c5e6f01ca96197267d3f33103d5b2f8a1af192140f3aa64526c593c8d098ae366c2b11f7f17645d12387c2fd420
  languageName: node
  linkType: hard

"@isaacs/brace-expansion@npm:^5.0.0":
  version: 5.0.1
  resolution: "@isaacs/brace-expansion@npm:5.0.1"
  dependencies:
    "@isaacs/balanced-match": "npm:^4.0.1"
  checksum: 10c0/e5d67c7bbf1f17b88132a35bc638af306d48acbb72810d48fa6e6edd8ab375854773108e8bf70f021f7ef6a8273455a6d1f0c3b5aa2aff06ce7894049ab77fb8
  languageName: node
  linkType: hard

"@isaacs/cliui@npm:^9.0.0":
  version: 9.0.0
  resolution: "@isaacs/cliui@npm:9.0.0"
  checksum: 10c0/971063b7296419f85053dacd0a0285dcadaa3dfc139228b23e016c1a9848121ad4aa5e7fcca7522062014e1eb6239a7424188b9f2cba893a79c90aae5710319c
  languageName: node
  linkType: hard

"@types/debug@npm:^4.0.0":
  version: 4.1.13
  resolution: "@types/debug@npm:4.1.13"
  dependencies:
    "@types/ms": "npm:*"
  checksum: 10c0/e5e124021bbdb23a82727eee0a726ae0fc8a3ae1f57253cbcc47497f259afb357de7f6941375e773e1abbfa1604c1555b901a409d762ec2bb4c1612131d4afb7
  languageName: node
  linkType: hard

"@types/katex@npm:^0.16.0":
  version: 0.16.8
  resolution: "@types/katex@npm:0.16.8"
  checksum: 10c0/0661609353f4f5e62bd2dc78da99e842761c6474b19f2268b195bbe9dbf20e6f766a31155d79eec2e7c3eff4e7eba4b30f4f519e9c6a11c75bb45e257a2ddb69
  languageName: node
  linkType: hard

"@types/ms@npm:*":
  version: 2.1.0
  resolution: "@types/ms@npm:2.1.0"
  checksum: 10c0/5ce692ffe1549e1b827d99ef8ff71187457e0eb44adbae38fdf7b9a74bae8d20642ee963c14516db1d35fa2652e65f47680fdf679dcbde52bbfadd021f497225
  languageName: node
  linkType: hard

"@types/unist@npm:^2.0.0":
  version: 2.0.11
  resolution: "@types/unist@npm:2.0.11"
  checksum: 10c0/24dcdf25a168f453bb70298145eb043cfdbb82472db0bc0b56d6d51cd2e484b9ed8271d4ac93000a80da568f2402e9339723db262d0869e2bf13bc58e081768d
  languageName: node
  linkType: hard

"argparse@npm:^2.0.1":
  version: 2.0.1
  resolution: "argparse@npm:2.0.1"
  checksum: 10c0/c5640c2d89045371c7cedd6a70212a04e360fd34d6edeae32f6952c63949e3525ea77dbec0289d8213a99bbaeab5abfa860b5c12cf88a2e6cf8106e90dd27a7e
  languageName: node
  linkType: hard

"balanced-match@npm:^4.0.2":
  version: 4.0.4
  resolution: "balanced-match@npm:4.0.4"
  checksum: 10c0/07e86102a3eb2ee2a6a1a89164f29d0dbaebd28f2ca3f5ca786f36b8b23d9e417eb3be45a4acf754f837be5ac0a2317de90d3fcb7f4f4dc95720a1f36b26a17b
  languageName: node
  linkType: hard

"brace-expansion@npm:^5.0.8":
  version: 5.0.12
  resolution: "brace-expansion@npm:5.0.12"
  dependencies:
    balanced-match: "npm:^4.0.2"
  checksum: 10c0/a40ac64d3bdb5bb222456514d3633c1f627f03b844f509c69e70f98b78be0ce85e21b44bbfecdd0ddd4cc0855ca4242b41ea96ddccf88c7c3c7a84405474bb3a
  languageName: node
  linkType: hard

"character-entities-legacy@npm:^3.0.0":
  version: 3.0.0
  resolution: "character-entities-legacy@npm:3.0.0"
  checksum: 10c0/ec4b430af873661aa754a896a2b55af089b4e938d3d010fad5219299a6b6d32ab175142699ee250640678cd64bdecd6db3c9af0b8759ab7b155d970d84c4c7d1
  languageName: node
  linkType: hard

"character-entities@npm:^2.0.0":
  version: 2.0.2
  resolution: "character-entities@npm:2.0.2"
  checksum: 10c0/b0c645a45bcc90ff24f0e0140f4875a8436b8ef13b6bcd31ec02cfb2ca502b680362aa95386f7815bdc04b6464d48cf191210b3840d7c04241a149ede591a308
  languageName: node
  linkType: hard

"character-reference-invalid@npm:^2.0.0":
  version: 2.0.1
  resolution: "character-reference-invalid@npm:2.0.1"
  checksum: 10c0/2ae0dec770cd8659d7e8b0ce24392d83b4c2f0eb4a3395c955dce5528edd4cc030a794cfa06600fcdd700b3f2de2f9b8e40e309c0011c4180e3be64a0b42e6a1
  languageName: node
  linkType: hard

"commander@npm:^8.3.0":
  version: 8.3.0
  resolution: "commander@npm:8.3.0"
  checksum: 10c0/8b043bb8322ea1c39664a1598a95e0495bfe4ca2fad0d84a92d7d1d8d213e2a155b441d2470c8e08de7c4a28cf2bc6e169211c49e1b21d9f7edc6ae4d9356060
  languageName: node
  linkType: hard

"commander@npm:~13.1.0":
  version: 13.1.0
  resolution: "commander@npm:13.1.0"
  checksum: 10c0/7b8c5544bba704fbe84b7cab2e043df8586d5c114a4c5b607f83ae5060708940ed0b5bd5838cf8ce27539cde265c1cbd59ce3c8c6b017ed3eec8943e3a415164
  languageName: node
  linkType: hard

"cross-spawn@npm:^7.0.6":
  version: 7.0.6
  resolution: "cross-spawn@npm:7.0.6"
  dependencies:
    path-key: "npm:^3.1.0"
    shebang-command: "npm:^2.0.0"
    which: "npm:^2.0.1"
  checksum: 10c0/053ea8b2135caff68a9e81470e845613e374e7309a47731e81639de3eaeb90c3d01af0e0b44d2ab9d50b43467223b88567dfeb3262db942dc063b9976718ffc1
  languageName: node
  linkType: hard

"debug@npm:^4.0.0":
  version: 4.4.3
  resolution: "debug@npm:4.4.3"
  dependencies:
    ms: "npm:^2.1.3"
  peerDependenciesMeta:
    supports-color:
      optional: true
  checksum: 10c0/d79136ec6c83ecbefd0f6a5593da6a9c91ec4d7ddc4b54c883d6e71ec9accb5f67a1a5e96d00a328196b5b5c86d365e98d8a3a70856aaf16b4e7b1985e67f5a6
  languageName: node
  linkType: hard

"decode-named-character-reference@npm:^1.0.0":
  version: 1.3.0
  resolution: "decode-named-character-reference@npm:1.3.0"
  dependencies:
    character-entities: "npm:^2.0.0"
  checksum: 10c0/787f4c87f3b82ea342aa7c2d7b1882b6fb9511bb77f72ae44dcaabea0470bacd1e9c6a0080ab886545019fa0cb3a7109573fad6b61a362844c3a0ac52b36e4bb
  languageName: node
  linkType: hard

"deep-extend@npm:^0.6.0":
  version: 0.6.0
  resolution: "deep-extend@npm:0.6.0"
  checksum: 10c0/1c6b0abcdb901e13a44c7d699116d3d4279fdb261983122a3783e7273844d5f2537dc2e1c454a23fcf645917f93fbf8d07101c1d03c015a87faa662755212566
  languageName: node
  linkType: hard

"dequal@npm:^2.0.0":
  version: 2.0.3
  resolution: "dequal@npm:2.0.3"
  checksum: 10c0/f98860cdf58b64991ae10205137c0e97d384c3a4edc7f807603887b7c4b850af1224a33d88012009f150861cbee4fa2d322c4cc04b9313bee312e47f6ecaa888
  languageName: node
  linkType: hard

"devlop@npm:^1.0.0":
  version: 1.1.0
  resolution: "devlop@npm:1.1.0"
  dependencies:
    dequal: "npm:^2.0.0"
  checksum: 10c0/e0928ab8f94c59417a2b8389c45c55ce0a02d9ac7fd74ef62d01ba48060129e1d594501b77de01f3eeafc7cb00773819b0df74d96251cf20b31c5b3071f45c0e
  languageName: node
  linkType: hard

"entities@npm:^4.4.0":
  version: 4.5.0
  resolution: "entities@npm:4.5.0"
  checksum: 10c0/5b039739f7621f5d1ad996715e53d964035f75ad3b9a4d38c6b3804bb226e282ffeae2443624d8fdd9c47d8e926ae9ac009c54671243f0c3294c26af7cc85250
  languageName: node
  linkType: hard

"foreground-child@npm:^3.3.1":
  version: 3.3.1
  resolution: "foreground-child@npm:3.3.1"
  dependencies:
    cross-spawn: "npm:^7.0.6"
    signal-exit: "npm:^4.0.1"
  checksum: 10c0/8986e4af2430896e65bc2788d6679067294d6aee9545daefc84923a0a4b399ad9c7a3ea7bd8c0b2b80fdf4a92de4c69df3f628233ff3224260e9c1541a9e9ed3
  languageName: node
  linkType: hard

"glob@npm:~11.0.2":
  version: 11.0.3
  resolution: "glob@npm:11.0.3"
  dependencies:
    foreground-child: "npm:^3.3.1"
    jackspeak: "npm:^4.1.1"
    minimatch: "npm:^10.0.3"
    minipass: "npm:^7.1.2"
    package-json-from-dist: "npm:^1.0.0"
    path-scurry: "npm:^2.0.0"
  bin:
    glob: dist/esm/bin.mjs
  checksum: 10c0/7d24457549ec2903920dfa3d8e76850e7c02aa709122f0164b240c712f5455c0b457e6f2a1eee39344c6148e39895be8094ae8cfef7ccc3296ed30bce250c661
  languageName: node
  linkType: hard

"ignore@npm:~7.0.4":
  version: 7.0.12
  resolution: "ignore@npm:7.0.12"
  checksum: 10c0/d3a1aab740f3e9e1b634d50e1ad9d7d5db36728ea56a9bf4ef2f3761f4c29a42543ce94761fd637ba8c25a5592ef778d03828bbdf2a599c05c4e32da6095b45c
  languageName: node
  linkType: hard

"ini@npm:~7.0.0":
  version: 7.0.0
  resolution: "ini@npm:7.0.0"
  checksum: 10c0/7520cae38bd5587e1cbca4637bb5fc0e157f38e0816522756456010ef703772d0018f9f4987cb9977bf3b10c1feccaad7800744dd1f5d85fb435e58a1baa9754
  languageName: node
  linkType: hard

"is-alphabetical@npm:^2.0.0":
  version: 2.0.1
  resolution: "is-alphabetical@npm:2.0.1"
  checksum: 10c0/932367456f17237533fd1fc9fe179df77957271020b83ea31da50e5cc472d35ef6b5fb8147453274ffd251134472ce24eb6f8d8398d96dee98237cdb81a6c9a7
  languageName: node
  linkType: hard

"is-alphanumerical@npm:^2.0.0":
  version: 2.0.1
  resolution: "is-alphanumerical@npm:2.0.1"
  dependencies:
    is-alphabetical: "npm:^2.0.0"
    is-decimal: "npm:^2.0.0"
  checksum: 10c0/4b35c42b18e40d41378293f82a3ecd9de77049b476f748db5697c297f686e1e05b072a6aaae2d16f54d2a57f85b00cbbe755c75f6d583d1c77d6657bd0feb5a2
  languageName: node
  linkType: hard

"is-decimal@npm:^2.0.0":
  version: 2.0.1
  resolution: "is-decimal@npm:2.0.1"
  checksum: 10c0/8085dd66f7d82f9de818fba48b9e9c0429cb4291824e6c5f2622e96b9680b54a07a624cfc663b24148b8e853c62a1c987cfe8b0b5a13f5156991afaf6736e334
  languageName: node
  linkType: hard

"is-hexadecimal@npm:^2.0.0":
  version: 2.0.1
  resolution: "is-hexadecimal@npm:2.0.1"
  checksum: 10c0/3eb60fe2f1e2bbc760b927dcad4d51eaa0c60138cf7fc671803f66353ad90c301605b502c7ea4c6bb0548e1c7e79dfd37b73b632652e3b76030bba603a7e9626
  languageName: node
  linkType: hard

"isexe@npm:^2.0.0":
  version: 2.0.0
  resolution: "isexe@npm:2.0.0"
  checksum: 10c0/228cfa503fadc2c31596ab06ed6aa82c9976eec2bfd83397e7eaf06d0ccf42cd1dfd6743bf9aeb01aebd4156d009994c5f76ea898d2832c1fe342da923ca457d
  languageName: node
  linkType: hard

"jackspeak@npm:^4.1.1":
  version: 4.2.3
  resolution: "jackspeak@npm:4.2.3"
  dependencies:
    "@isaacs/cliui": "npm:^9.0.0"
  checksum: 10c0/b5c0c414f1607c2aa0597f4bf2c03b8443897fccd5fd3c2b3e4f77d556b2bc7c3d3413828ba91e0789f6fb40ad90242f7f89fb20aee9e9d705bc1681f7564f67
  languageName: node
  linkType: hard

"js-yaml@npm:^4.1.1":
  version: 4.3.2
  resolution: "js-yaml@npm:4.3.2"
  dependencies:
    argparse: "npm:^2.0.1"
  bin:
    js-yaml: bin/js-yaml.js
  checksum: 10c0/dedd34c2e8fef1d504687f1bc94ed0ee1311a1f78770fa2800352c6d59c635ccf555009d74e9afe529ae62199da2b1ccef30e53dc84dcd8d2d8187c22574bc97
  languageName: node
  linkType: hard

"js-yaml@npm:~4.1.0":
  version: 4.1.1
  resolution: "js-yaml@npm:4.1.1"
  dependencies:
    argparse: "npm:^2.0.1"
  bin:
    js-yaml: bin/js-yaml.js
  checksum: 10c0/561c7d7088c40a9bb53cc75becbfb1df6ae49b34b5e6e5a81744b14ae8667ec564ad2527709d1a6e7d5e5fa6d483aa0f373a50ad98d42fde368ec4a190d4fae7
  languageName: node
  linkType: hard

"jsonc-parser@npm:~3.3.1":
  version: 3.3.1
  resolution: "jsonc-parser@npm:3.3.1"
  checksum: 10c0/269c3ae0a0e4f907a914bf334306c384aabb9929bd8c99f909275ebd5c2d3bc70b9bcd119ad794f339dec9f24b6a4ee9cd5a8ab2e6435e730ad4075388fc2ab6
  languageName: node
  linkType: hard

"jsonpointer@npm:~5.0.1":
  version: 5.0.1
  resolution: "jsonpointer@npm:5.0.1"
  checksum: 10c0/89929e58b400fcb96928c0504fcf4fc3f919d81e9543ceb055df125538470ee25290bb4984251e172e6ef8fcc55761eb998c118da763a82051ad89d4cb073fe7
  languageName: node
  linkType: hard

"katex@npm:^0.16.0":
  version: 0.16.47
  resolution: "katex@npm:0.16.47"
  dependencies:
    commander: "npm:^8.3.0"
  bin:
    katex: cli.js
  checksum: 10c0/b10f4d0651c60771a48444879e4227255e26e2b2ec061b1ee4b08934863ad2324ba8dbb772455f7768aeb14dfcc13bcd309174a0ddd5ef954a607f644a197710
  languageName: node
  linkType: hard

"linkify-it@npm:^5.0.0":
  version: 5.0.2
  resolution: "linkify-it@npm:5.0.2"
  dependencies:
    uc.micro: "npm:^2.0.0"
  checksum: 10c0/dd70b1735a13d41a2cff0a058ac3771166038f23f6aff004dd53873cf985c64b107902fe0b544a5b3d1ff6e63249cf9c648fb3ae9f285481db48f56887adb0d6
  languageName: node
  linkType: hard

"lru-cache@npm:^11.0.0":
  version: 11.5.3
  resolution: "lru-cache@npm:11.5.3"
  checksum: 10c0/2ad9bce6343a3544a1fd15364d8b35609aa52b2593d21fdc4877cabfe003b0f3deca4f9d6e9d13262f06e9e3d159de45c0a2f3edfc3adb46192333b5f146d8ed
  languageName: node
  linkType: hard

"markdown-it@npm:~14.1.0":
  version: 14.1.1
  resolution: "markdown-it@npm:14.1.1"
  dependencies:
    argparse: "npm:^2.0.1"
    entities: "npm:^4.4.0"
    linkify-it: "npm:^5.0.0"
    mdurl: "npm:^2.0.0"
    punycode.js: "npm:^2.3.1"
    uc.micro: "npm:^2.1.0"
  bin:
    markdown-it: bin/markdown-it.mjs
  checksum: 10c0/c67f2a4c8069a307c78d8c15104bbcb15a2c6b17f4c904364ca218ec2eccf76a397eba1ea05f5ac5de72c4b67fcf115d422d22df0bfb86a09b663f55b9478d4f
  languageName: node
  linkType: hard

"markdownlint-cli@npm:^0.45.0":
  version: 0.45.0
  resolution: "markdownlint-cli@npm:0.45.0"
  dependencies:
    commander: "npm:~13.1.0"
    glob: "npm:~11.0.2"
    ignore: "npm:~7.0.4"
    js-yaml: "npm:~4.1.0"
    jsonc-parser: "npm:~3.3.1"
    jsonpointer: "npm:~5.0.1"
    markdown-it: "npm:~14.1.0"
    markdownlint: "npm:~0.38.0"
    minimatch: "npm:~10.0.1"
    run-con: "npm:~1.3.2"
    smol-toml: "npm:~1.3.4"
  bin:
    markdownlint: markdownlint.js
  checksum: 10c0/2e2126f4fee193574f8ad8ffaa3eb95dcee99b164c8b785e3e2d3c85f6a374b103edf7e173c6a208e750bda12eb1358b7cd0be78c7b0638a0dca3dc6df8eb1e4
  languageName: node
  linkType: hard

"markdownlint@npm:~0.38.0":
  version: 0.38.0
  resolution: "markdownlint@npm:0.38.0"
  dependencies:
    micromark: "npm:4.0.2"
    micromark-core-commonmark: "npm:2.0.3"
    micromark-extension-directive: "npm:4.0.0"
    micromark-extension-gfm-autolink-literal: "npm:2.1.0"
    micromark-extension-gfm-footnote: "npm:2.1.0"
    micromark-extension-gfm-table: "npm:2.1.1"
    micromark-extension-math: "npm:3.1.0"
    micromark-util-types: "npm:2.0.2"
  checksum: 10c0/8937dd91e1e107cb3e079447ca465c7877097762bfe692c76db3629b054954583c7b703cf747370af0edf0263130a8c2f8ff6e9297f5ee722c27aa51d2a69f33
  languageName: node
  linkType: hard

"mdurl@npm:^2.0.0":
  version: 2.1.0
  resolution: "mdurl@npm:2.1.0"
  checksum: 10c0/aed11a75b791d596c7104fa6a3d84680e87cd2bfdb32ecfe512e795481d40a64b21d627b325ffd58aadcd15faf7498ac06130b8f198ebec437aceeead24bd1b1
  languageName: node
  linkType: hard

"micromark-core-commonmark@npm:2.0.3":
  version: 2.0.3
  resolution: "micromark-core-commonmark@npm:2.0.3"
  dependencies:
    decode-named-character-reference: "npm:^1.0.0"
    devlop: "npm:^1.0.0"
    micromark-factory-destination: "npm:^2.0.0"
    micromark-factory-label: "npm:^2.0.0"
    micromark-factory-space: "npm:^2.0.0"
    micromark-factory-title: "npm:^2.0.0"
    micromark-factory-whitespace: "npm:^2.0.0"
    micromark-util-character: "npm:^2.0.0"
    micromark-util-chunked: "npm:^2.0.0"
    micromark-util-classify-character: "npm:^2.0.0"
    micromark-util-html-tag-name: "npm:^2.0.0"
    micromark-util-normalize-identifier: "npm:^2.0.0"
    micromark-util-resolve-all: "npm:^2.0.0"
    micromark-util-subtokenize: "npm:^2.0.0"
    micromark-util-symbol: "npm:^2.0.0"
    micromark-util-types: "npm:^2.0.0"
  checksum: 10c0/bd4a794fdc9e88dbdf59eaf1c507ddf26e5f7ddf4e52566c72239c0f1b66adbcd219ba2cd42350debbe24471434d5f5e50099d2b3f4e5762ca222ba8e5b549ee
  languageName: node
  linkType: hard

"micromark-core-commonmark@npm:^2.0.0":
  version: 2.0.4
  resolution: "micromark-core-commonmark@npm:2.0.4"
  dependencies:
    decode-named-character-reference: "npm:^1.0.0"
    devlop: "npm:^1.0.0"
    micromark-factory-destination: "npm:^2.0.0"
    micromark-factory-label: "npm:^2.0.0"
    micromark-factory-space: "npm:^2.1.0"
    micromark-factory-title: "npm:^2.0.0"
    micromark-factory-whitespace: "npm:^2.0.0"
    micromark-util-character: "npm:^2.0.0"
    micromark-util-chunked: "npm:^2.0.0"
    micromark-util-classify-character: "npm:^2.0.0"
    micromark-util-edit-map: "npm:^1.0.0"
    micromark-util-html-tag-name: "npm:^2.0.0"
    micromark-util-normalize-identifier: "npm:^2.0.0"
    micromark-util-resolve-all: "npm:^2.0.0"
    micromark-util-subtokenize: "npm:^2.0.0"
    micromark-util-symbol: "npm:^2.0.0"
    micromark-util-types: "npm:^2.0.3"
  checksum: 10c0/19f0ff7113e0f836aa178e041ab8cc5011c70750ceee584979df990c6a3db08f35c8b34673d05ae6108fedfd9db80291f3d5b0367f3d355872b39a94b35c3d63
  languageName: node
  linkType: hard

"micromark-extension-directive@npm:4.0.0":
  version: 4.0.0
  resolution: "micromark-extension-directive@npm:4.0.0"
  dependencies:
    devlop: "npm:^1.0.0"
    micromark-factory-space: "npm:^2.0.0"
    micromark-factory-whitespace: "npm:^2.0.0"
    micromark-util-character: "npm:^2.0.0"
    micromark-util-symbol: "npm:^2.0.0"
    micromark-util-types: "npm:^2.0.0"
    parse-entities: "npm:^4.0.0"
  checksum: 10c0/b4aef0f44339543466ae186130a4514985837b6b12d0c155bd1162e740f631e58f0883a39d0c723206fa0ff53a9b579965c79116f902236f6f123c3340b5fefb
  languageName: node
  linkType: hard

"micromark-extension-gfm-autolink-literal@npm:2.1.0":
  version: 2.1.0
  resolution: "micromark-extension-gfm-autolink-literal@npm:2.1.0"
  dependencies:
    micromark-util-character: "npm:^2.0.0"
    micromark-util-sanitize-uri: "npm:^2.0.0"
    micromark-util-symbol: "npm:^2.0.0"
    micromark-util-types: "npm:^2.0.0"
  checksum: 10c0/84e6fbb84ea7c161dfa179665dc90d51116de4c28f3e958260c0423e5a745372b7dcbc87d3cde98213b532e6812f847eef5ae561c9397d7f7da1e59872ef3efe
  languageName: node
  linkType: hard

"micromark-extension-gfm-footnote@npm:2.1.0":
  version: 2.1.0
  resolution: "micromark-extension-gfm-footnote@npm:2.1.0"
  dependencies:
    devlop: "npm:^1.0.0"
    micromark-core-commonmark: "npm:^2.0.0"
    micromark-factory-space: "npm:^2.0.0"
    micromark-util-character: "npm:^2.0.0"
    micromark-util-normalize-identifier: "npm:^2.0.0"
    micromark-util-sanitize-uri: "npm:^2.0.0"
    micromark-util-symbol: "npm:^2.0.0"
    micromark-util-types: "npm:^2.0.0"
  checksum: 10c0/d172e4218968b7371b9321af5cde8c77423f73b233b2b0fcf3ff6fd6f61d2e0d52c49123a9b7910612478bf1f0d5e88c75a3990dd68f70f3933fe812b9f77edc
  languageName: node
  linkType: hard

"micromark-extension-gfm-table@npm:2.1.1":
  version: 2.1.1
  resolution: "micromark-extension-gfm-table@npm:2.1.1"
  dependencies:
    devlop: "npm:^1.0.0"
    micromark-factory-space: "npm:^2.0.0"
    micromark-util-character: "npm:^2.0.0"
    micromark-util-symbol: "npm:^2.0.0"
    micromark-util-types: "npm:^2.0.0"
  checksum: 10c0/04bc00e19b435fa0add62cd029d8b7eb6137522f77832186b1d5ef34544a9bd030c9cf85e92ddfcc5c31f6f0a58a43d4b96dba4fc21316037c734630ee12c912
  languageName: node
  linkType: hard

"micromark-extension-math@npm:3.1.0":
  version: 3.1.0
  resolution: "micromark-extension-math@npm:3.1.0"
  dependencies:
    "@types/katex": "npm:^0.16.0"
    devlop: "npm:^1.0.0"
    katex: "npm:^0.16.0"
    micromark-factory-space: "npm:^2.0.0"
    micromark-util-character: "npm:^2.0.0"
    micromark-util-symbol: "npm:^2.0.0"
    micromark-util-types: "npm:^2.0.0"
  checksum: 10c0/56e6f2185a4613f9d47e7e98cf8605851c990957d9229c942b005e286c8087b61dc9149448d38b2f8be6d42cc6a64aad7e1f2778ddd86fbbb1a2f48a3ca1872f
  languageName: node
  linkType: hard

"micromark-factory-destination@npm:^2.0.0":
  version: 2.0.1
  resolution: "micromark-factory-destination@npm:2.0.1"
  dependencies:
    micromark-util-character: "npm:^2.0.0"
    micromark-util-symbol: "npm:^2.0.0"
    micromark-util-types: "npm:^2.0.0"
  checksum: 10c0/bbafcf869cee5bf511161354cb87d61c142592fbecea051000ff116068dc85216e6d48519d147890b9ea5d7e2864a6341c0c09d9948c203bff624a80a476023c
  languageName: node
  linkType: hard

"micromark-factory-label@npm:^2.0.0":
  version: 2.0.1
  resolution: "micromark-factory-label@npm:2.0.1"
  dependencies:
    devlop: "npm:^1.0.0"
    micromark-util-character: "npm:^2.0.0"
    micromark-util-symbol: "npm:^2.0.0"
    micromark-util-types: "npm:^2.0.0"
  checksum: 10c0/0137716b4ecb428114165505e94a2f18855c8bbea21b07a8b5ce514b32a595ed789d2b967125718fc44c4197ceaa48f6609d58807a68e778138d2e6b91b824e8
  languageName: node
  linkType: hard

"micromark-factory-space@npm:^2.0.0, micromark-factory-space@npm:^2.1.0":
  version: 2.1.0
  resolution: "micromark-factory-space@npm:2.1.0"
  dependencies:
    micromark-util-character: "npm:^2.0.0"
    micromark-util-types: "npm:^2.0.0"
  checksum: 10c0/4a8674b3688e958a290bf193eab123cb6634f76bb21f8b3c9e1a8a3c8e25380080d4735b179cf68cada61b49de2c8a0b9e2e90f274105a84803672fa0a933e7b
  languageName: node
  linkType: hard

"micromark-factory-title@npm:^2.0.0":
  version: 2.0.1
  resolution: "micromark-factory-title@npm:2.0.1"
  dependencies:
    micromark-factory-space: "npm:^2.0.0"
    micromark-util-character: "npm:^2.0.0"
    micromark-util-symbol: "npm:^2.0.0"
    micromark-util-types: "npm:^2.0.0"
  checksum: 10c0/e72fad8d6e88823514916890099a5af20b6a9178ccf78e7e5e05f4de99bb8797acb756257d7a3a57a53854cb0086bf8aab15b1a9e9db8982500dd2c9ff5948b6
  languageName: node
  linkType: hard

"micromark-factory-whitespace@npm:^2.0.0":
  version: 2.0.1
  resolution: "micromark-factory-whitespace@npm:2.0.1"
  dependencies:
    micromark-factory-space: "npm:^2.0.0"
    micromark-util-character: "npm:^2.0.0"
    micromark-util-symbol: "npm:^2.0.0"
    micromark-util-types: "npm:^2.0.0"
  checksum: 10c0/20a1ec58698f24b766510a309b23a10175034fcf1551eaa9da3adcbed3e00cd53d1ebe5f030cf873f76a1cec3c34eb8c50cc227be3344caa9ed25d56cf611224
  languageName: node
  linkType: hard

"micromark-util-character@npm:^2.0.0":
  version: 2.1.1
  resolution: "micromark-util-character@npm:2.1.1"
  dependencies:
    micromark-util-symbol: "npm:^2.0.0"
    micromark-util-types: "npm:^2.0.0"
  checksum: 10c0/d3fe7a5e2c4060fc2a076f9ce699c82a2e87190a3946e1e5eea77f563869b504961f5668d9c9c014724db28ac32fa909070ea8b30c3a39bd0483cc6c04cc76a1
  languageName: node
  linkType: hard

"micromark-util-chunked@npm:^2.0.0":
  version: 2.0.1
  resolution: "micromark-util-chunked@npm:2.0.1"
  dependencies:
    micromark-util-symbol: "npm:^2.0.0"
  checksum: 10c0/b68c0c16fe8106949537bdcfe1be9cf36c0ccd3bc54c4007003cb0984c3750b6cdd0fd77d03f269a3382b85b0de58bde4f6eedbe7ecdf7244759112289b1ab56
  languageName: node
  linkType: hard

"micromark-util-classify-character@npm:^2.0.0":
  version: 2.0.1
  resolution: "micromark-util-classify-character@npm:2.0.1"
  dependencies:
    micromark-util-character: "npm:^2.0.0"
    micromark-util-symbol: "npm:^2.0.0"
    micromark-util-types: "npm:^2.0.0"
  checksum: 10c0/8a02e59304005c475c332f581697e92e8c585bcd45d5d225a66c1c1b14ab5a8062705188c2ccec33cc998d33502514121478b2091feddbc751887fc9c290ed08
  languageName: node
  linkType: hard

"micromark-util-combine-extensions@npm:^2.0.0":
  version: 2.0.1
  resolution: "micromark-util-combine-extensions@npm:2.0.1"
  dependencies:
    micromark-util-chunked: "npm:^2.0.0"
    micromark-util-types: "npm:^2.0.0"
  checksum: 10c0/f15e282af24c8372cbb10b9b0b3e2c0aa681fea0ca323a44d6bc537dc1d9382c819c3689f14eaa000118f5a163245358ce6276b2cda9a84439cdb221f5d86ae7
  languageName: node
  linkType: hard

"micromark-util-decode-numeric-character-reference@npm:^2.0.0":
  version: 2.0.2
  resolution: "micromark-util-decode-numeric-character-reference@npm:2.0.2"
  dependencies:
    micromark-util-symbol: "npm:^2.0.0"
  checksum: 10c0/9c8a9f2c790e5593ffe513901c3a110e9ec8882a08f466da014112a25e5059b51551ca0aeb7ff494657d86eceb2f02ee556c6558b8d66aadc61eae4a240da0df
  languageName: node
  linkType: hard

"micromark-util-edit-map@npm:^1.0.0":
  version: 1.0.0
  resolution: "micromark-util-edit-map@npm:1.0.0"
  dependencies:
    micromark-util-types: "npm:^2.0.0"
  checksum: 10c0/5f6caaa4d8a3c5b95632c8ab66ffaa488d496583ba37bbf7f5f7dd5c7bc3a5c51af97bc5767aa92c6aa906c5c031f0b09a5239284a6d0f1707d4f953bb7d8e4e
  languageName: node
  linkType: hard

"micromark-util-encode@npm:^2.0.0":
  version: 2.0.1
  resolution: "micromark-util-encode@npm:2.0.1"
  checksum: 10c0/b2b29f901093845da8a1bf997ea8b7f5e061ffdba85070dfe14b0197c48fda64ffcf82bfe53c90cf9dc185e69eef8c5d41cae3ba918b96bc279326921b59008a
  languageName: node
  linkType: hard

"micromark-util-html-tag-name@npm:^2.0.0":
  version: 2.0.1
  resolution: "micromark-util-html-tag-name@npm:2.0.1"
  checksum: 10c0/ae80444db786fde908e9295f19a27a4aa304171852c77414516418650097b8afb401961c9edb09d677b06e97e8370cfa65638dde8438ebd41d60c0a8678b85b9
  languageName: node
  linkType: hard

"micromark-util-normalize-identifier@npm:^2.0.0":
  version: 2.0.1
  resolution: "micromark-util-normalize-identifier@npm:2.0.1"
  dependencies:
    micromark-util-symbol: "npm:^2.0.0"
  checksum: 10c0/5299265fa360769fc499a89f40142f10a9d4a5c3dd8e6eac8a8ef3c2e4a6570e4c009cf75ea46dce5ee31c01f25587bde2f4a5cc0a935584ae86dd857f2babbd
  languageName: node
  linkType: hard

"micromark-util-resolve-all@npm:^2.0.0":
  version: 2.0.1
  resolution: "micromark-util-resolve-all@npm:2.0.1"
  dependencies:
    micromark-util-types: "npm:^2.0.0"
  checksum: 10c0/bb6ca28764696bb479dc44a2d5b5fe003e7177aeae1d6b0d43f24cc223bab90234092d9c3ce4a4d2b8df095ccfd820537b10eb96bb7044d635f385d65a4c984a
  languageName: node
  linkType: hard

"micromark-util-sanitize-uri@npm:^2.0.0":
  version: 2.0.1
  resolution: "micromark-util-sanitize-uri@npm:2.0.1"
  dependencies:
    micromark-util-character: "npm:^2.0.0"
    micromark-util-encode: "npm:^2.0.0"
    micromark-util-symbol: "npm:^2.0.0"
  checksum: 10c0/60e92166e1870fd4f1961468c2651013ff760617342918e0e0c3c4e872433aa2e60c1e5a672bfe5d89dc98f742d6b33897585cf86ae002cda23e905a3c02527c
  languageName: node
  linkType: hard

"micromark-util-subtokenize@npm:^2.0.0":
  version: 2.1.0
  resolution: "micromark-util-subtokenize@npm:2.1.0"
  dependencies:
    devlop: "npm:^1.0.0"
    micromark-util-chunked: "npm:^2.0.0"
    micromark-util-symbol: "npm:^2.0.0"
    micromark-util-types: "npm:^2.0.0"
  checksum: 10c0/bee69eece4393308e657c293ba80d92ebcb637e5f55e21dcf9c3fa732b91a8eda8ac248d76ff375e675175bfadeae4712e5158ef97eef1111789da1ce7ab5067
  languageName: node
  linkType: hard

"micromark-util-symbol@npm:^2.0.0":
  version: 2.0.1
  resolution: "micromark-util-symbol@npm:2.0.1"
  checksum: 10c0/f2d1b207771e573232436618e78c5e46cd4b5c560dd4a6d63863d58018abbf49cb96ec69f7007471e51434c60de3c9268ef2bf46852f26ff4aacd10f9da16fe9
  languageName: node
  linkType: hard

"micromark-util-types@npm:2.0.2":
  version: 2.0.2
  resolution: "micromark-util-types@npm:2.0.2"
  checksum: 10c0/c8c15b96c858db781c4393f55feec10004bf7df95487636c9a9f7209e51002a5cca6a047c5d2a5dc669ff92da20e57aaa881e81a268d9ccadb647f9dce305298
  languageName: node
  linkType: hard

"micromark-util-types@npm:^2.0.0, micromark-util-types@npm:^2.0.3":
  version: 2.0.3
  resolution: "micromark-util-types@npm:2.0.3"
  checksum: 10c0/fc37f4e5d58c06bb6dba16b608abbf8db6949a141bd21802c1110121ef7c093811145de2e22fc277cce8ba5e5a38788e14b5f0d142ef1cd0fcfd918ce6c7940c
  languageName: node
  linkType: hard

"micromark@npm:4.0.2":
  version: 4.0.2
  resolution: "micromark@npm:4.0.2"
  dependencies:
    "@types/debug": "npm:^4.0.0"
    debug: "npm:^4.0.0"
    decode-named-character-reference: "npm:^1.0.0"
    devlop: "npm:^1.0.0"
    micromark-core-commonmark: "npm:^2.0.0"
    micromark-factory-space: "npm:^2.0.0"
    micromark-util-character: "npm:^2.0.0"
    micromark-util-chunked: "npm:^2.0.0"
    micromark-util-combine-extensions: "npm:^2.0.0"
    micromark-util-decode-numeric-character-reference: "npm:^2.0.0"
    micromark-util-encode: "npm:^2.0.0"
    micromark-util-normalize-identifier: "npm:^2.0.0"
    micromark-util-resolve-all: "npm:^2.0.0"
    micromark-util-sanitize-uri: "npm:^2.0.0"
    micromark-util-subtokenize: "npm:^2.0.0"
    micromark-util-symbol: "npm:^2.0.0"
    micromark-util-types: "npm:^2.0.0"
  checksum: 10c0/07462287254219d6eda6eac8a3cebaff2994e0575499e7088027b825105e096e4f51e466b14b2a81b71933a3b6c48ee069049d87bc2c2127eee50d9cc69e8af6
  languageName: node
  linkType: hard

"minimatch@npm:^10.0.3":
  version: 10.2.6
  resolution: "minimatch@npm:10.2.6"
  dependencies:
    brace-expansion: "npm:^5.0.8"
  checksum: 10c0/4559a836243b98bd4d17ea9f7edae698717c76399eea7be374f3737f33164e4907f19e9726891ddeb122f750a5a7fa80d2ac43e851d6e5984dc4ff42ec127d3a
  languageName: node
  linkType: hard

"minimatch@npm:~10.0.1":
  version: 10.0.3
  resolution: "minimatch@npm:10.0.3"
  dependencies:
    "@isaacs/brace-expansion": "npm:^5.0.0"
  checksum: 10c0/e43e4a905c5d70ac4cec8530ceaeccb9c544b1ba8ac45238e2a78121a01c17ff0c373346472d221872563204eabe929ad02669bb575cb1f0cc30facab369f70f
  languageName: node
  linkType: hard

"minimist@npm:^1.2.8":
  version: 1.2.8
  resolution: "minimist@npm:1.2.8"
  checksum: 10c0/19d3fcdca050087b84c2029841a093691a91259a47def2f18222f41e7645a0b7c44ef4b40e88a1e58a40c84d2ef0ee6047c55594d298146d0eb3f6b737c20ce6
  languageName: node
  linkType: hard

"minipass@npm:^7.1.2":
  version: 7.1.3
  resolution: "minipass@npm:7.1.3"
  checksum: 10c0/539da88daca16533211ea5a9ee98dc62ff5742f531f54640dd34429e621955e91cc280a91a776026264b7f9f6735947629f920944e9c1558369e8bf22eb33fbb
  languageName: node
  linkType: hard

"ms@npm:^2.1.3":
  version: 2.1.3
  resolution: "ms@npm:2.1.3"
  checksum: 10c0/d924b57e7312b3b63ad21fc5b3dc0af5e78d61a1fc7cfb5457edaf26326bf62be5307cc87ffb6862ef1c2b33b0233cdb5d4f01c4c958cc0d660948b65a287a48
  languageName: node
  linkType: hard

"package-json-from-dist@npm:^1.0.0":
  version: 1.0.1
  resolution: "package-json-from-dist@npm:1.0.1"
  checksum: 10c0/62ba2785eb655fec084a257af34dbe24292ab74516d6aecef97ef72d4897310bc6898f6c85b5cd22770eaa1ce60d55a0230e150fb6a966e3ecd6c511e23d164b
  languageName: node
  linkType: hard

"parse-entities@npm:^4.0.0":
  version: 4.0.2
  resolution: "parse-entities@npm:4.0.2"
  dependencies:
    "@types/unist": "npm:^2.0.0"
    character-entities-legacy: "npm:^3.0.0"
    character-reference-invalid: "npm:^2.0.0"
    decode-named-character-reference: "npm:^1.0.0"
    is-alphanumerical: "npm:^2.0.0"
    is-decimal: "npm:^2.0.0"
    is-hexadecimal: "npm:^2.0.0"
  checksum: 10c0/a13906b1151750b78ed83d386294066daf5fb559e08c5af9591b2d98cc209123103016a01df776f65f8219ad26652d6d6b210d0974d452049cddfc53a8916c34
  languageName: node
  linkType: hard

"path-key@npm:^3.1.0":
  version: 3.1.1
  resolution: "path-key@npm:3.1.1"
  checksum: 10c0/748c43efd5a569c039d7a00a03b58eecd1d75f3999f5a28303d75f521288df4823bc057d8784eb72358b2895a05f29a070bc9f1f17d28226cc4e62494cc58c4c
  languageName: node
  linkType: hard

"path-scurry@npm:^2.0.0":
  version: 2.0.2
  resolution: "path-scurry@npm:2.0.2"
  dependencies:
    lru-cache: "npm:^11.0.0"
    minipass: "npm:^7.1.2"
  checksum: 10c0/b35ad37cf6557a87fd057121ce2be7695380c9138d93e87ae928609da259ea0a170fac6f3ef1eb3ece8a068e8b7f2f3adf5bb2374cf4d4a57fe484954fcc9482
  languageName: node
  linkType: hard

"podcast-template@workspace:.":
  version: 0.0.0-use.local
  resolution: "podcast-template@workspace:."
  dependencies:
    js-yaml: "npm:^4.1.1"
    markdownlint-cli: "npm:^0.45.0"
    prettier: "npm:^3.6.2"
  languageName: unknown
  linkType: soft

"prettier@npm:^3.6.2":
  version: 3.9.9
  resolution: "prettier@npm:3.9.9"
  bin:
    prettier: bin/prettier.cjs
  checksum: 10c0/d50ea2537b2ff7dbd5088a214f4d936484e55c665cea2185b477a55b0770be55f3b156a71f63a9a639def6b334667bb327139dc85f2a1041c0a34752cdc74647
  languageName: node
  linkType: hard

"punycode.js@npm:^2.3.1":
  version: 2.3.1
  resolution: "punycode.js@npm:2.3.1"
  checksum: 10c0/1d12c1c0e06127fa5db56bd7fdf698daf9a78104456a6b67326877afc21feaa821257b171539caedd2f0524027fa38e67b13dd094159c8d70b6d26d2bea4dfdb
  languageName: node
  linkType: hard

"run-con@npm:~1.3.2":
  version: 1.3.3
  resolution: "run-con@npm:1.3.3"
  dependencies:
    deep-extend: "npm:^0.6.0"
    ini: "npm:~7.0.0"
    minimist: "npm:^1.2.8"
    strip-json-comments: "npm:~3.1.1"
  bin:
    run-con: cli.js
  checksum: 10c0/9460fed6f5cd047a1deb05f233eb8aae2bcc4c5dd1eb4edc4c9d31d2b5a0c37f430a048b6d23e5af66a68e4c0db1da0936d58a74f067d9a52d89b44fd2a01a1d
  languageName: node
  linkType: hard

"shebang-command@npm:^2.0.0":
  version: 2.0.0
  resolution: "shebang-command@npm:2.0.0"
  dependencies:
    shebang-regex: "npm:^3.0.0"
  checksum: 10c0/a41692e7d89a553ef21d324a5cceb5f686d1f3c040759c50aab69688634688c5c327f26f3ecf7001ebfd78c01f3c7c0a11a7c8bfd0a8bc9f6240d4f40b224e4e
  languageName: node
  linkType: hard

"shebang-regex@npm:^3.0.0":
  version: 3.0.0
  resolution: "shebang-regex@npm:3.0.0"
  checksum: 10c0/1dbed0726dd0e1152a92696c76c7f06084eb32a90f0528d11acd764043aacf76994b2fb30aa1291a21bd019d6699164d048286309a278855ee7bec06cf6fb690
  languageName: node
  linkType: hard

"signal-exit@npm:^4.0.1":
  version: 4.1.0
  resolution: "signal-exit@npm:4.1.0"
  checksum: 10c0/41602dce540e46d599edba9d9860193398d135f7ff72cab629db5171516cfae628d21e7bfccde1bbfdf11c48726bc2a6d1a8fb8701125852fbfda7cf19c6aa83
  languageName: node
  linkType: hard

"smol-toml@npm:~1.3.4":
  version: 1.3.4
  resolution: "smol-toml@npm:1.3.4"
  checksum: 10c0/801435476f52d6b05dfcb2bd2ed1956c6fc2b4c20e84b5e609eb27fa0c27b51a47528d91cabd1a93e8659bd2b8edb685e73ce2b686678739e67d7939fa25a92b
  languageName: node
  linkType: hard

"strip-json-comments@npm:~3.1.1":
  version: 3.1.1
  resolution: "strip-json-comments@npm:3.1.1"
  checksum: 10c0/9681a6257b925a7fa0f285851c0e613cc934a50661fa7bb41ca9cbbff89686bb4a0ee366e6ecedc4daafd01e83eee0720111ab294366fe7c185e935475ebcecd
  languageName: node
  linkType: hard

"uc.micro@npm:^2.0.0, uc.micro@npm:^2.1.0":
  version: 2.1.0
  resolution: "uc.micro@npm:2.1.0"
  checksum: 10c0/8862eddb412dda76f15db8ad1c640ccc2f47cdf8252a4a30be908d535602c8d33f9855dfcccb8b8837855c1ce1eaa563f7fa7ebe3c98fd0794351aab9b9c55fa
  languageName: node
  linkType: hard

"which@npm:^2.0.1":
  version: 2.0.2
  resolution: "which@npm:2.0.2"
  dependencies:
    isexe: "npm:^2.0.0"
  bin:
    node-which: ./bin/node-which
  checksum: 10c0/66522872a768b60c2a65a57e8ad184e5372f5b6a9ca6d5f033d4b0dc98aff63995655a7503b9c0a2598936f532120e81dd8cc155e2e92ed662a2b9377cc4374f
  languageName: node
  linkType: hard
